
Microsoft Visual Studio Solution File, Format Version 12.00
# Visual Studio Version 16
VisualStudioVersion = 16.0.31605.320
MinimumVisualStudioVersion = 10.0.40219.1
Project("{FAE04EC0-301F-11D3-BF4B-00C04F79EFBC}") = "ShopPet.UI", "ProjectWindow\ShopPet.UI.csproj", "{ED2D9306-5F8E-4419-A565-94955C94B4AE}"
EndProject
Project("{FAE04EC0-301F-11D3-BF4B-00C04F79EFBC}") = "ShopPet.DataAccessLayer", "ShopPet.DataAccessLayer\ShopPet.DataAccessLayer.csproj", "{4787899A-FCC5-42A9-ABFD-7C60E81A15DA}"
EndProject
Project("{FAE04EC0-301F-11D3-BF4B-00C04F79EFBC}") = "ShopPet.BusinessAccessLayer", "ShopPet.BusinessAccessLayer\ShopPet.BusinessAccessLayer.csproj", "{513422FD-CE57-4109-804F-B00F1AE307DD}"
EndProject
Global
	GlobalSection(SolutionConfigurationPlatforms) = preSolution
		Debug|Any CPU = Debug|Any CPU
		Release|Any CPU = Release|Any CPU
	EndGlobalSection
	GlobalSection(ProjectConfigurationPlatforms) = postSolution
		{ED2D9306-5F8E-4419-A565-94955C94B4AE}.Debug|Any CPU.ActiveCfg = Debug|Any CPU
		{ED2D9306-5F8E-4419-A565-94955C94B4AE}.Debug|Any CPU.Build.0 = Debug|Any CPU
		{ED2D9306-5F8E-4419-A565-94955C94B4AE}.Release|Any CPU.ActiveCfg = Release|Any CPU
		{ED2D9306-5F8E-4419-A565-94955C94B4AE}.Release|Any CPU.Build.0 = Release|Any CPU
		{4787899A-FCC5-42A9-ABFD-7C60E81A15DA}.Debug|Any CPU.ActiveCfg = Debug|Any CPU
		{4787899A-FCC5-42A9-ABFD-7C60E81A15DA}.Debug|Any CPU.Build.0 = Debug|Any CPU
		{4787899A-FCC5-42A9-ABFD-7C60E81A15DA}.Release|Any CPU.ActiveCfg = Release|Any CPU
		{4787899A-FCC5-42A9-ABFD-7C60E81A15DA}.Release|Any CPU.Build.0 = Release|Any CPU
		{513422FD-CE57-4109-804F-B00F1AE307DD}.Debug|Any CPU.ActiveCfg = Debug|Any CPU
		{513422FD-CE57-4109-804F-B00F1AE307DD}.Debug|Any CPU.Build.0 = Debug|Any CPU
		{513422FD-CE57-4109-804F-B00F1AE307DD}.Release|Any CPU.ActiveCfg = Release|Any CPU
		{513422FD-CE57-4109-804F-B00F1AE307DD}.Release|Any CPU.Build.0 = Release|Any CPU
	EndGlobalSection
	GlobalSection(SolutionProperties) = preSolution
		HideSolutionNode = FALSE
	EndGlobalSection
	GlobalSection(ExtensibilityGlobals) = postSolution
		SolutionGuid = {30DB317B-2059-4BD4-AE90-8BBAF9945B0F}
	EndGlobalSection
EndGlobal
